
Microsoft Visual Studio Solution File, Format Version 12.00
# Visual Studio Version 17
VisualStudioVersion = 17.10.35027.167
MinimumVisualStudioVersion = 10.0.40219.1
Project("{9A19103F-16F7-4668-BE54-9A1E7A4F7556}") = "ArtOfGrowing", "ArtOfGrowing\ArtOfGrowing.csproj", "{AD4D92D7-8AFE-477A-921F-6E3CF079A8BA}"
	ProjectSection(ProjectDependencies) = postProject
		{3A0CD08A-70CA-49D5-A1FA-D503B37D2B25} = {3A0CD08A-70CA-49D5-A1FA-D503B37D2B25}
	EndProjectSection
EndProject
Project("{9A19103F-16F7-4668-BE54-9A1E7A4F7556}") = "ArtOfCooking", "ArtOfCooking\ArtOfCooking.csproj", "{B96B7141-353D-4963-B560-571864F9C3A1}"
	ProjectSection(ProjectDependencies) = postProject
		{3A0CD08A-70CA-49D5-A1FA-D503B37D2B25} = {3A0CD08A-70CA-49D5-A1FA-D503B37D2B25}
	EndProjectSection
EndProject
Project("{FAE04EC0-301F-11D3-BF4B-00C04F79EFBC}") = "CakeBuild", "CakeBuild\CakeBuild.csproj", "{4D7FB885-E916-493C-A3DD-077255BBDF24}"
EndProject
Project("{FAE04EC0-301F-11D3-BF4B-00C04F79EFBC}") = "CoreOfArts", "CoreOfArts\CoreOfArts.csproj", "{3A0CD08A-70CA-49D5-A1FA-D503B37D2B25}"
EndProject
Project("{FAE04EC0-301F-11D3-BF4B-00C04F79EFBC}") = "ArtsXSkills", "ArtsXSkills\ArtsXSkills.csproj", "{8D7B2327-BBF2-42F7-A325-AFCD31DBEC9C}"
	ProjectSection(ProjectDependencies) = postProject
		{3A0CD08A-70CA-49D5-A1FA-D503B37D2B25} = {3A0CD08A-70CA-49D5-A1FA-D503B37D2B25}
		{AD4D92D7-8AFE-477A-921F-6E3CF079A8BA} = {AD4D92D7-8AFE-477A-921F-6E3CF079A8BA}
	EndProjectSection
EndProject
Project("{FAE04EC0-301F-11D3-BF4B-00C04F79EFBC}") = "AOGBreedingAddon", "AOGBreedingAddon\AOGBreedingAddon.csproj", "{01555B58-4BE2-4F1D-B56B-26A327CD1F4C}"
	ProjectSection(ProjectDependencies) = postProject
		{3A0CD08A-70CA-49D5-A1FA-D503B37D2B25} = {3A0CD08A-70CA-49D5-A1FA-D503B37D2B25}
		{AD4D92D7-8AFE-477A-921F-6E3CF079A8BA} = {AD4D92D7-8AFE-477A-921F-6E3CF079A8BA}
	EndProjectSection
EndProject
Global
	GlobalSection(SolutionConfigurationPlatforms) = preSolution
		Debug|Any CPU = Debug|Any CPU
		Release|Any CPU = Release|Any CPU
	EndGlobalSection
	GlobalSection(ProjectConfigurationPlatforms) = postSolution
		{AD4D92D7-8AFE-477A-921F-6E3CF079A8BA}.Debug|Any CPU.ActiveCfg = Debug|Any CPU
		{AD4D92D7-8AFE-477A-921F-6E3CF079A8BA}.Debug|Any CPU.Build.0 = Debug|Any CPU
		{AD4D92D7-8AFE-477A-921F-6E3CF079A8BA}.Release|Any CPU.ActiveCfg = Release|Any CPU
		{AD4D92D7-8AFE-477A-921F-6E3CF079A8BA}.Release|Any CPU.Build.0 = Release|Any CPU
		{B96B7141-353D-4963-B560-571864F9C3A1}.Debug|Any CPU.ActiveCfg = Debug|Any CPU
		{B96B7141-353D-4963-B560-571864F9C3A1}.Debug|Any CPU.Build.0 = Debug|Any CPU
		{B96B7141-353D-4963-B560-571864F9C3A1}.Release|Any CPU.ActiveCfg = Release|Any CPU
		{B96B7141-353D-4963-B560-571864F9C3A1}.Release|Any CPU.Build.0 = Release|Any CPU
		{4D7FB885-E916-493C-A3DD-077255BBDF24}.Debug|Any CPU.ActiveCfg = Debug|Any CPU
		{4D7FB885-E916-493C-A3DD-077255BBDF24}.Debug|Any CPU.Build.0 = Debug|Any CPU
		{4D7FB885-E916-493C-A3DD-077255BBDF24}.Release|Any CPU.ActiveCfg = Release|Any CPU
		{4D7FB885-E916-493C-A3DD-077255BBDF24}.Release|Any CPU.Build.0 = Release|Any CPU
		{3A0CD08A-70CA-49D5-A1FA-D503B37D2B25}.Debug|Any CPU.ActiveCfg = Debug|Any CPU
		{3A0CD08A-70CA-49D5-A1FA-D503B37D2B25}.Debug|Any CPU.Build.0 = Debug|Any CPU
		{3A0CD08A-70CA-49D5-A1FA-D503B37D2B25}.Release|Any CPU.ActiveCfg = Release|Any CPU
		{3A0CD08A-70CA-49D5-A1FA-D503B37D2B25}.Release|Any CPU.Build.0 = Release|Any CPU
		{8D7B2327-BBF2-42F7-A325-AFCD31DBEC9C}.Debug|Any CPU.ActiveCfg = Debug|Any CPU
		{8D7B2327-BBF2-42F7-A325-AFCD31DBEC9C}.Debug|Any CPU.Build.0 = Debug|Any CPU
		{8D7B2327-BBF2-42F7-A325-AFCD31DBEC9C}.Release|Any CPU.ActiveCfg = Release|Any CPU
		{8D7B2327-BBF2-42F7-A325-AFCD31DBEC9C}.Release|Any CPU.Build.0 = Release|Any CPU
		{01555B58-4BE2-4F1D-B56B-26A327CD1F4C}.Debug|Any CPU.ActiveCfg = Debug|Any CPU
		{01555B58-4BE2-4F1D-B56B-26A327CD1F4C}.Debug|Any CPU.Build.0 = Debug|Any CPU
		{01555B58-4BE2-4F1D-B56B-26A327CD1F4C}.Release|Any CPU.ActiveCfg = Release|Any CPU
		{01555B58-4BE2-4F1D-B56B-26A327CD1F4C}.Release|Any CPU.Build.0 = Release|Any CPU
	EndGlobalSection
	GlobalSection(SolutionProperties) = preSolution
		HideSolutionNode = FALSE
	EndGlobalSection
	GlobalSection(ExtensibilityGlobals) = postSolution
		SolutionGuid = {D3B769E8-987B-4A67-990D-BB853B6C836E}
	EndGlobalSection
EndGlobal
